
Microsoft Visual Studio Solution File, Format Version 12.00
# Visual Studio Version 17
VisualStudioVersion = 17.1.32407.343
MinimumVisualStudioVersion = 10.0.40219.1
Project("{9A19103F-16F7-4668-BE54-9A1E7A4F7556}") = "Dummy_Repository", "Dummy_Repository\Dummy_Repository.csproj", "{20EDF42F-BB7B-4212-8060-F4CBB3850775}"
EndProject
Project("{9A19103F-16F7-4668-BE54-9A1E7A4F7556}") = "Dummy_Data", "Dummy_Data\Dummy_Data.csproj", "{37F62B42-5093-431B-972E-131C7B7996C5}"
EndProject
Project("{9A19103F-16F7-4668-BE54-9A1E7A4F7556}") = "DummyWeb_Server", "DummyWeb_Server\DummyWeb_Server.csproj", "{DC9F4259-10EE-42D4-9F0D-2821FC143B9C}"
EndProject
Project("{9A19103F-16F7-4668-BE54-9A1E7A4F7556}") = "Dummy_Model", "Dummy_Model\Dummy_Model.csproj", "{A13E6BCE-E228-40EC-BE44-EABEB85DF100}"
EndProject
Global
	GlobalSection(SolutionConfigurationPlatforms) = preSolution
		Debug|Any CPU = Debug|Any CPU
		Release|Any CPU = Release|Any CPU
	EndGlobalSection
	GlobalSection(ProjectConfigurationPlatforms) = postSolution
		{20EDF42F-BB7B-4212-8060-F4CBB3850775}.Debug|Any CPU.ActiveCfg = Debug|Any CPU
		{20EDF42F-BB7B-4212-8060-F4CBB3850775}.Debug|Any CPU.Build.0 = Debug|Any CPU
		{20EDF42F-BB7B-4212-8060-F4CBB3850775}.Release|Any CPU.ActiveCfg = Release|Any CPU
		{20EDF42F-BB7B-4212-8060-F4CBB3850775}.Release|Any CPU.Build.0 = Release|Any CPU
		{37F62B42-5093-431B-972E-131C7B7996C5}.Debug|Any CPU.ActiveCfg = Debug|Any CPU
		{37F62B42-5093-431B-972E-131C7B7996C5}.Debug|Any CPU.Build.0 = Debug|Any CPU
		{37F62B42-5093-431B-972E-131C7B7996C5}.Release|Any CPU.ActiveCfg = Release|Any CPU
		{37F62B42-5093-431B-972E-131C7B7996C5}.Release|Any CPU.Build.0 = Release|Any CPU
		{DC9F4259-10EE-42D4-9F0D-2821FC143B9C}.Debug|Any CPU.ActiveCfg = Debug|Any CPU
		{DC9F4259-10EE-42D4-9F0D-2821FC143B9C}.Debug|Any CPU.Build.0 = Debug|Any CPU
		{DC9F4259-10EE-42D4-9F0D-2821FC143B9C}.Release|Any CPU.ActiveCfg = Release|Any CPU
		{DC9F4259-10EE-42D4-9F0D-2821FC143B9C}.Release|Any CPU.Build.0 = Release|Any CPU
		{A13E6BCE-E228-40EC-BE44-EABEB85DF100}.Debug|Any CPU.ActiveCfg = Debug|Any CPU
		{A13E6BCE-E228-40EC-BE44-EABEB85DF100}.Debug|Any CPU.Build.0 = Debug|Any CPU
		{A13E6BCE-E228-40EC-BE44-EABEB85DF100}.Release|Any CPU.ActiveCfg = Release|Any CPU
		{A13E6BCE-E228-40EC-BE44-EABEB85DF100}.Release|Any CPU.Build.0 = Release|Any CPU
	EndGlobalSection
	GlobalSection(SolutionProperties) = preSolution
		HideSolutionNode = FALSE
	EndGlobalSection
	GlobalSection(ExtensibilityGlobals) = postSolution
		SolutionGuid = {7017C2DC-BDB4-4F98-A1C6-084506F61998}
	EndGlobalSection
EndGlobal
